// !$*UTF8*$!
{
	archiveVersion = 1;
	classes = {
	};
	objectVersion = 56;
	objects = {

/* Begin PBXBuildFile section */
		08525F9A2990E49C008EB7CA /* AddActivity.swift in Sources */ = {isa = PBXBuildFile; fileRef = 08525F992990E49C008EB7CA /* AddActivity.swift */; };
		08A77B192991FCC500E96BCF /* ActivityView.swift in Sources */ = {isa = PBXBuildFile; fileRef = 08A77B182991FCC500E96BCF /* ActivityView.swift */; };
		08CA31C2298D12D400A9770C /* Activity.swift in Sources */ = {isa = PBXBuildFile; fileRef = 08CA31C1298D12D400A9770C /* Activity.swift */; };
		08CA31C4298D159200A9770C /* Connection.swift in Sources */ = {isa = PBXBuildFile; fileRef = 08CA31C3298D159200A9770C /* Connection.swift */; };
		08E7F150298D0C4F00C0F08E /* Split_My_BillApp.swift in Sources */ = {isa = PBXBuildFile; fileRef = 08E7F14F298D0C4F00C0F08E /* Split_My_BillApp.swift */; };
		08E7F152298D0C4F00C0F08E /* ContentView.swift in Sources */ = {isa = PBXBuildFile; fileRef = 08E7F151298D0C4F00C0F08E /* ContentView.swift */; };
		08E7F154298D0C5000C0F08E /* Assets.xcassets in Resources */ = {isa = PBXBuildFile; fileRef = 08E7F153298D0C5000C0F08E /* Assets.xcassets */; };
		08E7F157298D0C5000C0F08E /* Preview Assets.xcassets in Resources */ = {isa = PBXBuildFile; fileRef = 08E7F156298D0C5000C0F08E /* Preview Assets.xcassets */; };
/* End PBXBuildFile section */

/* Begin PBXFileReference section */
		08525F992990E49C008EB7CA /* AddActivity.swift */ = {isa = PBXFileReference; lastKnownFileType = sourcecode.swift; path = AddActivity.swift; sourceTree = "<group>"; };
		08A77B182991FCC500E96BCF /* ActivityView.swift */ = {isa = PBXFileReference; lastKnownFileType = sourcecode.swift; path = ActivityView.swift; sourceTree = "<group>"; };
		08CA31C1298D12D400A9770C /* Activity.swift */ = {isa = PBXFileReference; lastKnownFileType = sourcecode.swift; path = Activity.swift; sourceTree = "<group>"; };
		08CA31C3298D159200A9770C /* Connection.swift */ = {isa = PBXFileReference; lastKnownFileType = sourcecode.swift; path = Connection.swift; sourceTree = "<group>"; };
		08E7F14C298D0C4F00C0F08E /* Split My Bill.app */ = {isa = PBXFileReference; explicitFileType = wrapper.application; includeInIndex = 0; path = "Split My Bill.app"; sourceTree = BUILT_PRODUCTS_DIR; };
		08E7F14F298D0C4F00C0F08E /* Split_My_BillApp.swift */ = {isa = PBXFileReference; lastKnownFileType = sourcecode.swift; path = Split_My_BillApp.swift; sourceTree = "<group>"; };
		08E7F151298D0C4F00C0F08E /* ContentView.swift */ = {isa = PBXFileReference; lastKnownFileType = sourcecode.swift; path = ContentView.swift; sourceTree = "<group>"; };
		08E7F153298D0C5000C0F08E /* Assets.xcassets */ = {isa = PBXFileReference; lastKnownFileType = folder.assetcatalog; path = Assets.xcassets; sourceTree = "<group>"; };
		08E7F156298D0C5000C0F08E /* Preview Assets.xcassets */ = {isa = PBXFileReference; lastKnownFileType = folder.assetcatalog; path = "Preview Assets.xcassets"; sourceTree = "<group>"; };
/* End PBXFileReference section */

/* Begin PBXFrameworksBuildPhase section */
		08E7F149298D0C4F00C0F08E /* Frameworks */ = {
			isa = PBXFrameworksBuildPhase;
			buildActionMask = 2147483647;
			files = (
			);
			runOnlyForDeploymentPostprocessing = 0;
		};
/* End PBXFrameworksBuildPhase section */

/* Begin PBXGroup section */
		08CA31BE298D12A700A9770C /* Model */ = {
			isa = PBXGroup;
			children = (
				08CA31C1298D12D400A9770C /* Activity.swift */,
				08CA31C3298D159200A9770C /* Connection.swift */,
			);
			path = Model;
			sourceTree = "<group>";
		};
		08CA31C0298D12B400A9770C /* View */ = {
			isa = PBXGroup;
			children = (
				08525F992990E49C008EB7CA /* AddActivity.swift */,
				08A77B182991FCC500E96BCF /* ActivityView.swift */,
			);
			path = View;
			sourceTree = "<group>";
		};
		08E7F143298D0C4F00C0F08E = {
			isa = PBXGroup;
			children = (
				08E7F14E298D0C4F00C0F08E /* Split My Bill */,
				08E7F14D298D0C4F00C0F08E /* Products */,
			);
			sourceTree = "<group>";
		};
		08E7F14D298D0C4F00C0F08E /* Products */ = {
			isa = PBXGroup;
			children = (
				08E7F14C298D0C4F00C0F08E /* Split My Bill.app */,
			);
			name = Products;
			sourceTree = "<group>";
		};
		08E7F14E298D0C4F00C0F08E /* Split My Bill */ = {
			isa = PBXGroup;
			children = (
				08CA31C0298D12B400A9770C /* View */,
				08CA31BE298D12A700A9770C /* Model */,
				08E7F14F298D0C4F00C0F08E /* Split_My_BillApp.swift */,
				08E7F151298D0C4F00C0F08E /* ContentView.swift */,
				08E7F153298D0C5000C0F08E /* Assets.xcassets */,
				08E7F155298D0C5000C0F08E /* Preview Content */,
			);
			path = "Split My Bill";
			sourceTree = "<group>";
		};
		08E7F155298D0C5000C0F08E /* Preview Content */ = {
			isa = PBXGroup;
			children = (
				08E7F156298D0C5000C0F08E /* Preview Assets.xcassets */,
			);
			path = "Preview Content";
			sourceTree = "<group>";
		};
/* End PBXGroup section */

/* Begin PBXNativeTarget section */
		08E7F14B298D0C4F00C0F08E /* Split My Bill */ = {
			isa = PBXNativeTarget;
			buildConfigurationList = 08E7F15A298D0C5000C0F08E /* Build configuration list for PBXNativeTarget "Split My Bill" */;
			buildPhases = (
				08E7F148298D0C4F00C0F08E /* Sources */,
				08E7F149298D0C4F00C0F08E /* Frameworks */,
				08E7F14A298D0C4F00C0F08E /* Resources */,
			);
			buildRules = (
			);
			dependencies = (
			);
			name = "Split My Bill";
			productName = "Split My Bill";
			productReference = 08E7F14C298D0C4F00C0F08E /* Split My Bill.app */;
			productType = "com.apple.product-type.application";
		};
/* End PBXNativeTarget section */

/* Begin PBXProject section */
		08E7F144298D0C4F00C0F08E /* Project object */ = {
			isa = PBXProject;
			attributes = {
				BuildIndependentTargetsInParallel = 1;
				LastSwiftUpdateCheck = 1420;
				LastUpgradeCheck = 1420;
				TargetAttributes = {
					08E7F14B298D0C4F00C0F08E = {
						CreatedOnToolsVersion = 14.2;
					};
				};
			};
			buildConfigurationList = 08E7F147298D0C4F00C0F08E /* Build configuration list for PBXProject "Split My Bill" */;
			compatibilityVersion = "Xcode 14.0";
			developmentRegion = en;
			hasScannedForEncodings = 0;
			knownRegions = (
				en,
				Base,
			);
			mainGroup = 08E7F143298D0C4F00C0F08E;
			productRefGroup = 08E7F14D298D0C4F00C0F08E /* Products */;
			projectDirPath = "";
			projectRoot = "";
			targets = (
				08E7F14B298D0C4F00C0F08E /* Split My Bill */,
			);
		};
/* End PBXProject section */

/* Begin PBXResourcesBuildPhase section */
		08E7F14A298D0C4F00C0F08E /* Resources */ = {
			isa = PBXResourcesBuildPhase;
			buildActionMask = 2147483647;
			files = (
				08E7F157298D0C5000C0F08E /* Preview Assets.xcassets in Resources */,
				08E7F154298D0C5000C0F08E /* Assets.xcassets in Resources */,
			);
			runOnlyForDeploymentPostprocessing = 0;
		};
/* End PBXResourcesBuildPhase section */

/* Begin PBXSourcesBuildPhase section */
		08E7F148298D0C4F00C0F08E /* Sources */ = {
			isa = PBXSourcesBuildPhase;
			buildActionMask = 2147483647;
			files = (
				08CA31C2298D12D400A9770C /* Activity.swift in Sources */,
				08E7F152298D0C4F00C0F08E /* ContentView.swift in Sources */,
				08525F9A2990E49C008EB7CA /* AddActivity.swift in Sources */,
				08E7F150298D0C4F00C0F08E /* Split_My_BillApp.swift in Sources */,
				08CA31C4298D159200A9770C /* Connection.swift in Sources */,
				08A77B192991FCC500E96BCF /* ActivityView.swift in Sources */,
			);
			runOnlyForDeploymentPostprocessing = 0;
		};
/* End PBXSourcesBuildPhase section */

/* Begin XCBuildConfiguration section */
		08E7F158298D0C5000C0F08E /* Debug */ = {
			isa = XCBuildConfiguration;
			buildSettings = {
				ALWAYS_SEARCH_USER_PATHS = NO;
				CLANG_ANALYZER_NONNULL = YES;
				CLANG_ANALYZER_NUMBER_OBJECT_CONVERSION = YES_AGGRESSIVE;
				CLANG_CXX_LANGUAGE_STANDARD = "gnu++20";
				CLANG_ENABLE_MODULES = YES;
				CLANG_ENABLE_OBJC_ARC = YES;
				CLANG_ENABLE_OBJC_WEAK = YES;
				CLANG_WARN_BLOCK_CAPTURE_AUTORELEASING = YES;
				CLANG_WARN_BOOL_CONVERSION = YES;
				CLANG_WARN_COMMA = YES;
				CLANG_WARN_CONSTANT_CONVERSION = YES;
				CLANG_WARN_DEPRECATED_OBJC_IMPLEMENTATIONS = YES;
				CLANG_WARN_DIRECT_OBJC_ISA_USAGE = YES_ERROR;
				CLANG_WARN_DOCUMENTATION_COMMENTS = YES;
				CLANG_WARN_EMPTY_BODY = YES;
				CLANG_WARN_ENUM_CONVERSION = YES;
				CLANG_WARN_INFINITE_RECURSION = YES;
				CLANG_WARN_INT_CONVERSION = YES;
				CLANG_WARN_NON_LITERAL_NULL_CONVERSION = YES;
				CLANG_WARN_OBJC_IMPLICIT_RETAIN_SELF = YES;
				CLANG_WARN_OBJC_LITERAL_CONVERSION = YES;
				CLANG_WARN_OBJC_ROOT_CLASS = YES_ERROR;
				CLANG_WARN_QUOTED_INCLUDE_IN_FRAMEWORK_HEADER = YES;
				CLANG_WARN_RANGE_LOOP_ANALYSIS = YES;
				CLANG_WARN_STRICT_PROTOTYPES = YES;
				CLANG_WARN_SUSPICIOUS_MOVE = YES;
				CLANG_WARN_UNGUARDED_AVAILABILITY = YES_AGGRESSIVE;
				CLANG_WARN_UNREACHABLE_CODE = YES;
				CLANG_WARN__DUPLICATE_METHOD_MATCH = YES;
				COPY_PHASE_STRIP = NO;
				DEBUG_INFORMATION_FORMAT = dwarf;
				ENABLE_STRICT_OBJC_MSGSEND = YES;
				ENABLE_TESTABILITY = YES;
				GCC_C_LANGUAGE_STANDARD = gnu11;
				GCC_DYNAMIC_NO_PIC = NO;
				GCC_NO_COMMON_BLOCKS = YES;
				GCC_OPTIMIZATION_LEVEL = 0;
				GCC_PREPROCESSOR_DEFINITIONS = (
					"DEBUG=1",
					"$(inherited)",
				);
				GCC_WARN_64_TO_32_BIT_CONVERSION = YES;
				GCC_WARN_ABOUT_RETURN_TYPE = YES_ERROR;
				GCC_WARN_UNDECLARED_SELECTOR = YES;
				GCC_WARN_UNINITIALIZED_AUTOS = YES_AGGRESSIVE;
				GCC_WARN_UNUSED_FUNCTION = YES;
				GCC_WARN_UNUSED_VARIABLE = YES;
				IPHONEOS_DEPLOYMENT_TARGET = 16.2;
				MTL_ENABLE_DEBUG_INFO = INCLUDE_SOURCE;
				MTL_FAST_MATH = YES;
				ONLY_ACTIVE_ARCH = YES;
				SDKROOT = iphoneos;
				SWIFT_ACTIVE_COMPILATION_CONDITIONS = DEBUG;
				SWIFT_OPTIMIZATION_LEVEL = "-Onone";
			};
			name = Debug;
		};
		08E7F159298D0C5000C0F08E /* Release */ = {
			isa = XCBuildConfiguration;
			buildSettings = {
				ALWAYS_SEARCH_USER_PATHS = NO;
				CLANG_ANALYZER_NONNULL = YES;
				CLANG_ANALYZER_NUMBER_OBJECT_CONVERSION = YES_AGGRESSIVE;
				CLANG_CXX_LANGUAGE_STANDARD = "gnu++20";
				CLANG_ENABLE_MODULES = YES;
				CLANG_ENABLE_OBJC_ARC = YES;
				CLANG_ENABLE_OBJC_WEAK = YES;
				CLANG_WARN_BLOCK_CAPTURE_AUTORELEASING = YES;
				CLANG_WARN_BOOL_CONVERSION = YES;
				CLANG_WARN_COMMA = YES;
				CLANG_WARN_CONSTANT_CONVERSION = YES;
				CLANG_WARN_DEPRECATED_OBJC_IMPLEMENTATIONS = YES;
				CLANG_WARN_DIRECT_OBJC_ISA_USAGE = YES_ERROR;
				CLANG_WARN_DOCUMENTATION_COMMENTS = YES;
				CLANG_WARN_EMPTY_BODY = YES;
				CLANG_WARN_ENUM_CONVERSION = YES;
				CLANG_WARN_INFINITE_RECURSION = YES;
				CLANG_WARN_INT_CONVERSION = YES;
				CLANG_WARN_NON_LITERAL_NULL_CONVERSION = YES;
				CLANG_WARN_OBJC_IMPLICIT_RETAIN_SELF = YES;
				CLANG_WARN_OBJC_LITERAL_CONVERSION = YES;
				CLANG_WARN_OBJC_ROOT_CLASS = YES_ERROR;
				CLANG_WARN_QUOTED_INCLUDE_IN_FRAMEWORK_HEADER = YES;
				CLANG_WARN_RANGE_LOOP_ANALYSIS = YES;
				CLANG_WARN_STRICT_PROTOTYPES = YES;
				CLANG_WARN_SUSPICIOUS_MOVE = YES;
				CLANG_WARN_UNGUARDED_AVAILABILITY = YES_AGGRESSIVE;
				CLANG_WARN_UNREACHABLE_CODE = YES;
				CLANG_WARN__DUPLICATE_METHOD_MATCH = YES;
				COPY_PHASE_STRIP = NO;
				DEBUG_INFORMATION_FORMAT = "dwarf-with-dsym";
				ENABLE_NS_ASSERTIONS = NO;
				ENABLE_STRICT_OBJC_MSGSEND = YES;
				GCC_C_LANGUAGE_STANDARD = gnu11;
				GCC_NO_COMMON_BLOCKS = YES;
				GCC_WARN_64_TO_32_BIT_CONVERSION = YES;
				GCC_WARN_ABOUT_RETURN_TYPE = YES_ERROR;
				GCC_WARN_UNDECLARED_SELECTOR = YES;
				GCC_WARN_UNINITIALIZED_AUTOS = YES_AGGRESSIVE;
				GCC_WARN_UNUSED_FUNCTION = YES;
				GCC_WARN_UNUSED_VARIABLE = YES;
				IPHONEOS_DEPLOYMENT_TARGET = 16.2;
				MTL_ENABLE_DEBUG_INFO = NO;
				MTL_FAST_MATH = YES;
				SDKROOT = iphoneos;
				SWIFT_COMPILATION_MODE = wholemodule;
				SWIFT_OPTIMIZATION_LEVEL = "-O";
				VALIDATE_PRODUCT = YES;
			};
			name = Release;
		};
		08E7F15B298D0C5000C0F08E /* Debug */ = {
			isa = XCBuildConfiguration;
			buildSettings = {
				ASSETCATALOG_COMPILER_APPICON_NAME = AppIcon;
				ASSETCATALOG_COMPILER_GLOBAL_ACCENT_COLOR_NAME = AccentColor;
				CODE_SIGN_STYLE = Automatic;
				CURRENT_PROJECT_VERSION = 1;
				DEVELOPMENT_ASSET_PATHS = "\"Split My Bill/Preview Content\"";
				DEVELOPMENT_TEAM = P8794RMH4C;
				ENABLE_PREVIEWS = YES;
				GENERATE_INFOPLIST_FILE = YES;
				INFOPLIST_KEY_UIApplicationSceneManifest_Generation = YES;
				INFOPLIST_KEY_UIApplicationSupportsIndirectInputEvents = YES;
				INFOPLIST_KEY_UILaunchScreen_Generation = YES;
				INFOPLIST_KEY_UISupportedInterfaceOrientations_iPad = "UIInterfaceOrientationPortrait UIInterfaceOrientationPortraitUpsideDown UIInterfaceOrientationLandscapeLeft UIInterfaceOrientationLandscapeRight";
				INFOPLIST_KEY_UISupportedInterfaceOrientations_iPhone = "UIInterfaceOrientationPortrait UIInterfaceOrientationLandscapeLeft UIInterfaceOrientationLandscapeRight";
				LD_RUNPATH_SEARCH_PATHS = (
					"$(inherited)",
					"@executable_path/Frameworks",
				);
				MARKETING_VERSION = 1.0;
				PRODUCT_BUNDLE_IDENTIFIER = "com.pututyb.Split-My-Bill";
				PRODUCT_NAME = "$(TARGET_NAME)";
				SWIFT_EMIT_LOC_STRINGS = YES;
				SWIFT_VERSION = 5.0;
				TARGETED_DEVICE_FAMILY = "1,2";
			};
			name = Debug;
		};
		08E7F15C298D0C5000C0F08E /* Release */ = {
			isa = XCBuildConfiguration;
			buildSettings = {
				ASSETCATALOG_COMPILER_APPICON_NAME = AppIcon;
				ASSETCATALOG_COMPILER_GLOBAL_ACCENT_COLOR_NAME = AccentColor;
				CODE_SIGN_STYLE = Automatic;
				CURRENT_PROJECT_VERSION = 1;
				DEVELOPMENT_ASSET_PATHS = "\"Split My Bill/Preview Content\"";
				DEVELOPMENT_TEAM = P8794RMH4C;
				ENABLE_PREVIEWS = YES;
				GENERATE_INFOPLIST_FILE = YES;
				INFOPLIST_KEY_UIApplicationSceneManifest_Generation = YES;
				INFOPLIST_KEY_UIApplicationSupportsIndirectInputEvents = YES;
				INFOPLIST_KEY_UILaunchScreen_Generation = YES;
				INFOPLIST_KEY_UISupportedInterfaceOrientations_iPad = "UIInterfaceOrientationPortrait UIInterfaceOrientationPortraitUpsideDown UIInterfaceOrientationLandscapeLeft UIInterfaceOrientationLandscapeRight";
				INFOPLIST_KEY_UISupportedInterfaceOrientations_iPhone = "UIInterfaceOrientationPortrait UIInterfaceOrientationLandscapeLeft UIInterfaceOrientationLandscapeRight";
				LD_RUNPATH_SEARCH_PATHS = (
					"$(inherited)",
					"@executable_path/Frameworks",
				);
				MARKETING_VERSION = 1.0;
				PRODUCT_BUNDLE_IDENTIFIER = "com.pututyb.Split-My-Bill";
				PRODUCT_NAME = "$(TARGET_NAME)";
				SWIFT_EMIT_LOC_STRINGS = YES;
				SWIFT_VERSION = 5.0;
				TARGETED_DEVICE_FAMILY = "1,2";
			};
			name = Release;
		};
/* End XCBuildConfiguration section */

/* Begin XCConfigurationList section */
		08E7F147298D0C4F00C0F08E /* Build configuration list for PBXProject "Split My Bill" */ = {
			isa = XCConfigurationList;
			buildConfigurations = (
				08E7F158298D0C5000C0F08E /* Debug */,
				08E7F159298D0C5000C0F08E /* Release */,
			);
			defaultConfigurationIsVisible = 0;
			defaultConfigurationName = Release;
		};
		08E7F15A298D0C5000C0F08E /* Build configuration list for PBXNativeTarget "Split My Bill" */ = {
			isa = XCConfigurationList;
			buildConfigurations = (
				08E7F15B298D0C5000C0F08E /* Debug */,
				08E7F15C298D0C5000C0F08E /* Release */,
			);
			defaultConfigurationIsVisible = 0;
			defaultConfigurationName = Release;
		};
/* End XCConfigurationList section */
	};
	rootObject = 08E7F144298D0C4F00C0F08E /* Project object */;
}
